// !$*UTF8*$!
{
	archiveVersion = 1;
	classes = {
	};
	objectVersion = 56;
	objects = {

/* Begin PBXBuildFile section */
		451762122CEC8AF100CE2574 /* ComposableArchitecture in Frameworks */ = {isa = PBXBuildFile; productRef = 451762112CEC8AF100CE2574 /* ComposableArchitecture */; };
		45E84AE72C7968B000199146 /* programming_learning_iosApp.swift in Sources */ = {isa = PBXBuildFile; fileRef = 45E84AE62C7968B000199146 /* programming_learning_iosApp.swift */; };
		45E84AE92C7968B000199146 /* ContentView.swift in Sources */ = {isa = PBXBuildFile; fileRef = 45E84AE82C7968B000199146 /* ContentView.swift */; };
		45E84AEB2C7968B000199146 /* Item.swift in Sources */ = {isa = PBXBuildFile; fileRef = 45E84AEA2C7968B000199146 /* Item.swift */; };
		45E84AED2C7968B200199146 /* Assets.xcassets in Resources */ = {isa = PBXBuildFile; fileRef = 45E84AEC2C7968B200199146 /* Assets.xcassets */; };
		45E84AF02C7968B200199146 /* Preview Assets.xcassets in Resources */ = {isa = PBXBuildFile; fileRef = 45E84AEF2C7968B200199146 /* Preview Assets.xcassets */; };
		45E84AFA2C7968B200199146 /* programming_learning_iosTests.swift in Sources */ = {isa = PBXBuildFile; fileRef = 45E84AF92C7968B200199146 /* programming_learning_iosTests.swift */; };
		45E84B042C7968B200199146 /* programming_learning_iosUITests.swift in Sources */ = {isa = PBXBuildFile; fileRef = 45E84B032C7968B200199146 /* programming_learning_iosUITests.swift */; };
		45E84B062C7968B200199146 /* programming_learning_iosUITestsLaunchTests.swift in Sources */ = {isa = PBXBuildFile; fileRef = 45E84B052C7968B200199146 /* programming_learning_iosUITestsLaunchTests.swift */; };
/* End PBXBuildFile section */

/* Begin PBXContainerItemProxy section */
		45E84AF62C7968B200199146 /* PBXContainerItemProxy */ = {
			isa = PBXContainerItemProxy;
			containerPortal = 45E84ADB2C7968B000199146 /* Project object */;
			proxyType = 1;
			remoteGlobalIDString = 45E84AE22C7968B000199146;
			remoteInfo = "programming-learning-ios";
		};
		45E84B002C7968B200199146 /* PBXContainerItemProxy */ = {
			isa = PBXContainerItemProxy;
			containerPortal = 45E84ADB2C7968B000199146 /* Project object */;
			proxyType = 1;
			remoteGlobalIDString = 45E84AE22C7968B000199146;
			remoteInfo = "programming-learning-ios";
		};
/* End PBXContainerItemProxy section */

/* Begin PBXFileReference section */
		45E84AE32C7968B000199146 /* programming-learning-ios.app */ = {isa = PBXFileReference; explicitFileType = wrapper.application; includeInIndex = 0; path = "programming-learning-ios.app"; sourceTree = BUILT_PRODUCTS_DIR; };
		45E84AE62C7968B000199146 /* programming_learning_iosApp.swift */ = {isa = PBXFileReference; lastKnownFileType = sourcecode.swift; path = programming_learning_iosApp.swift; sourceTree = "<group>"; };
		45E84AE82C7968B000199146 /* ContentView.swift */ = {isa = PBXFileReference; lastKnownFileType = sourcecode.swift; path = ContentView.swift; sourceTree = "<group>"; };
		45E84AEA2C7968B000199146 /* Item.swift */ = {isa = PBXFileReference; lastKnownFileType = sourcecode.swift; path = Item.swift; sourceTree = "<group>"; };
		45E84AEC2C7968B200199146 /* Assets.xcassets */ = {isa = PBXFileReference; lastKnownFileType = folder.assetcatalog; path = Assets.xcassets; sourceTree = "<group>"; };
		45E84AEF2C7968B200199146 /* Preview Assets.xcassets */ = {isa = PBXFileReference; lastKnownFileType = folder.assetcatalog; path = "Preview Assets.xcassets"; sourceTree = "<group>"; };
		45E84AF52C7968B200199146 /* programming-learning-iosTests.xctest */ = {isa = PBXFileReference; explicitFileType = wrapper.cfbundle; includeInIndex = 0; path = "programming-learning-iosTests.xctest"; sourceTree = BUILT_PRODUCTS_DIR; };
		45E84AF92C7968B200199146 /* programming_learning_iosTests.swift */ = {isa = PBXFileReference; lastKnownFileType = sourcecode.swift; path = programming_learning_iosTests.swift; sourceTree = "<group>"; };
		45E84AFF2C7968B200199146 /* programming-learning-iosUITests.xctest */ = {isa = PBXFileReference; explicitFileType = wrapper.cfbundle; includeInIndex = 0; path = "programming-learning-iosUITests.xctest"; sourceTree = BUILT_PRODUCTS_DIR; };
		45E84B032C7968B200199146 /* programming_learning_iosUITests.swift */ = {isa = PBXFileReference; lastKnownFileType = sourcecode.swift; path = programming_learning_iosUITests.swift; sourceTree = "<group>"; };
		45E84B052C7968B200199146 /* programming_learning_iosUITestsLaunchTests.swift */ = {isa = PBXFileReference; lastKnownFileType = sourcecode.swift; path = programming_learning_iosUITestsLaunchTests.swift; sourceTree = "<group>"; };
/* End PBXFileReference section */

/* Begin PBXFrameworksBuildPhase section */
		45E84AE02C7968B000199146 /* Frameworks */ = {
			isa = PBXFrameworksBuildPhase;
			buildActionMask = 2147483647;
			files = (
				451762122CEC8AF100CE2574 /* ComposableArchitecture in Frameworks */,
			);
			runOnlyForDeploymentPostprocessing = 0;
		};
		45E84AF22C7968B200199146 /* Frameworks */ = {
			isa = PBXFrameworksBuildPhase;
			buildActionMask = 2147483647;
			files = (
			);
			runOnlyForDeploymentPostprocessing = 0;
		};
		45E84AFC2C7968B200199146 /* Frameworks */ = {
			isa = PBXFrameworksBuildPhase;
			buildActionMask = 2147483647;
			files = (
			);
			runOnlyForDeploymentPostprocessing = 0;
		};
/* End PBXFrameworksBuildPhase section */

/* Begin PBXGroup section */
		45E84ADA2C7968B000199146 = {
			isa = PBXGroup;
			children = (
				45E84AE52C7968B000199146 /* programming-learning-ios */,
				45E84AF82C7968B200199146 /* programming-learning-iosTests */,
				45E84B022C7968B200199146 /* programming-learning-iosUITests */,
				45E84AE42C7968B000199146 /* Products */,
			);
			sourceTree = "<group>";
		};
		45E84AE42C7968B000199146 /* Products */ = {
			isa = PBXGroup;
			children = (
				45E84AE32C7968B000199146 /* programming-learning-ios.app */,
				45E84AF52C7968B200199146 /* programming-learning-iosTests.xctest */,
				45E84AFF2C7968B200199146 /* programming-learning-iosUITests.xctest */,
			);
			name = Products;
			sourceTree = "<group>";
		};
		45E84AE52C7968B000199146 /* programming-learning-ios */ = {
			isa = PBXGroup;
			children = (
				45E84AE62C7968B000199146 /* programming_learning_iosApp.swift */,
				45E84AE82C7968B000199146 /* ContentView.swift */,
				45E84AEA2C7968B000199146 /* Item.swift */,
				45E84AEC2C7968B200199146 /* Assets.xcassets */,
				45E84AEE2C7968B200199146 /* Preview Content */,
			);
			path = "programming-learning-ios";
			sourceTree = "<group>";
		};
		45E84AEE2C7968B200199146 /* Preview Content */ = {
			isa = PBXGroup;
			children = (
				45E84AEF2C7968B200199146 /* Preview Assets.xcassets */,
			);
			path = "Preview Content";
			sourceTree = "<group>";
		};
		45E84AF82C7968B200199146 /* programming-learning-iosTests */ = {
			isa = PBXGroup;
			children = (
				45E84AF92C7968B200199146 /* programming_learning_iosTests.swift */,
			);
			path = "programming-learning-iosTests";
			sourceTree = "<group>";
		};
		45E84B022C7968B200199146 /* programming-learning-iosUITests */ = {
			isa = PBXGroup;
			children = (
				45E84B032C7968B200199146 /* programming_learning_iosUITests.swift */,
				45E84B052C7968B200199146 /* programming_learning_iosUITestsLaunchTests.swift */,
			);
			path = "programming-learning-iosUITests";
			sourceTree = "<group>";
		};
/* End PBXGroup section */

/* Begin PBXNativeTarget section */
		45E84AE22C7968B000199146 /* programming-learning-ios */ = {
			isa = PBXNativeTarget;
			buildConfigurationList = 45E84B092C7968B200199146 /* Build configuration list for PBXNativeTarget "programming-learning-ios" */;
			buildPhases = (
				45E84ADF2C7968B000199146 /* Sources */,
				45E84AE02C7968B000199146 /* Frameworks */,
				45E84AE12C7968B000199146 /* Resources */,
			);
			buildRules = (
			);
			dependencies = (
			);
			name = "programming-learning-ios";
			productName = "programming-learning-ios";
			productReference = 45E84AE32C7968B000199146 /* programming-learning-ios.app */;
			productType = "com.apple.product-type.application";
		};
		45E84AF42C7968B200199146 /* programming-learning-iosTests */ = {
			isa = PBXNativeTarget;
			buildConfigurationList = 45E84B0C2C7968B200199146 /* Build configuration list for PBXNativeTarget "programming-learning-iosTests" */;
			buildPhases = (
				45E84AF12C7968B200199146 /* Sources */,
				45E84AF22C7968B200199146 /* Frameworks */,
				45E84AF32C7968B200199146 /* Resources */,
			);
			buildRules = (
			);
			dependencies = (
				45E84AF72C7968B200199146 /* PBXTargetDependency */,
			);
			name = "programming-learning-iosTests";
			productName = "programming-learning-iosTests";
			productReference = 45E84AF52C7968B200199146 /* programming-learning-iosTests.xctest */;
			productType = "com.apple.product-type.bundle.unit-test";
		};
		45E84AFE2C7968B200199146 /* programming-learning-iosUITests */ = {
			isa = PBXNativeTarget;
			buildConfigurationList = 45E84B0F2C7968B200199146 /* Build configuration list for PBXNativeTarget "programming-learning-iosUITests" */;
			buildPhases = (
				45E84AFB2C7968B200199146 /* Sources */,
				45E84AFC2C7968B200199146 /* Frameworks */,
				45E84AFD2C7968B200199146 /* Resources */,
			);
			buildRules = (
			);
			dependencies = (
				45E84B012C7968B200199146 /* PBXTargetDependency */,
			);
			name = "programming-learning-iosUITests";
			productName = "programming-learning-iosUITests";
			productReference = 45E84AFF2C7968B200199146 /* programming-learning-iosUITests.xctest */;
			productType = "com.apple.product-type.bundle.ui-testing";
		};
/* End PBXNativeTarget section */

/* Begin PBXProject section */
		45E84ADB2C7968B000199146 /* Project object */ = {
			isa = PBXProject;
			attributes = {
				BuildIndependentTargetsInParallel = 1;
				LastSwiftUpdateCheck = 1530;
				LastUpgradeCheck = 1530;
				TargetAttributes = {
					45E84AE22C7968B000199146 = {
						CreatedOnToolsVersion = 15.3;
					};
					45E84AF42C7968B200199146 = {
						CreatedOnToolsVersion = 15.3;
						TestTargetID = 45E84AE22C7968B000199146;
					};
					45E84AFE2C7968B200199146 = {
						CreatedOnToolsVersion = 15.3;
						TestTargetID = 45E84AE22C7968B000199146;
					};
				};
			};
			buildConfigurationList = 45E84ADE2C7968B000199146 /* Build configuration list for PBXProject "programming-learning-ios" */;
			compatibilityVersion = "Xcode 14.0";
			developmentRegion = en;
			hasScannedForEncodings = 0;
			knownRegions = (
				en,
				Base,
			);
			mainGroup = 45E84ADA2C7968B000199146;
			packageReferences = (
				451762102CEC8AF100CE2574 /* XCRemoteSwiftPackageReference "swift-composable-architecture" */,
			);
			productRefGroup = 45E84AE42C7968B000199146 /* Products */;
			projectDirPath = "";
			projectRoot = "";
			targets = (
				45E84AE22C7968B000199146 /* programming-learning-ios */,
				45E84AF42C7968B200199146 /* programming-learning-iosTests */,
				45E84AFE2C7968B200199146 /* programming-learning-iosUITests */,
			);
		};
/* End PBXProject section */

/* Begin PBXResourcesBuildPhase section */
		45E84AE12C7968B000199146 /* Resources */ = {
			isa = PBXResourcesBuildPhase;
			buildActionMask = 2147483647;
			files = (
				45E84AF02C7968B200199146 /* Preview Assets.xcassets in Resources */,
				45E84AED2C7968B200199146 /* Assets.xcassets in Resources */,
			);
			runOnlyForDeploymentPostprocessing = 0;
		};
		45E84AF32C7968B200199146 /* Resources */ = {
			isa = PBXResourcesBuildPhase;
			buildActionMask = 2147483647;
			files = (
			);
			runOnlyForDeploymentPostprocessing = 0;
		};
		45E84AFD2C7968B200199146 /* Resources */ = {
			isa = PBXResourcesBuildPhase;
			buildActionMask = 2147483647;
			files = (
			);
			runOnlyForDeploymentPostprocessing = 0;
		};
/* End PBXResourcesBuildPhase section */

/* Begin PBXSourcesBuildPhase section */
		45E84ADF2C7968B000199146 /* Sources */ = {
			isa = PBXSourcesBuildPhase;
			buildActionMask = 2147483647;
			files = (
				45E84AE92C7968B000199146 /* ContentView.swift in Sources */,
				45E84AEB2C7968B000199146 /* Item.swift in Sources */,
				45E84AE72C7968B000199146 /* programming_learning_iosApp.swift in Sources */,
			);
			runOnlyForDeploymentPostprocessing = 0;
		};
		45E84AF12C7968B200199146 /* Sources */ = {
			isa = PBXSourcesBuildPhase;
			buildActionMask = 2147483647;
			files = (
				45E84AFA2C7968B200199146 /* programming_learning_iosTests.swift in Sources */,
			);
			runOnlyForDeploymentPostprocessing = 0;
		};
		45E84AFB2C7968B200199146 /* Sources */ = {
			isa = PBXSourcesBuildPhase;
			buildActionMask = 2147483647;
			files = (
				45E84B062C7968B200199146 /* programming_learning_iosUITestsLaunchTests.swift in Sources */,
				45E84B042C7968B200199146 /* programming_learning_iosUITests.swift in Sources */,
			);
			runOnlyForDeploymentPostprocessing = 0;
		};
/* End PBXSourcesBuildPhase section */

/* Begin PBXTargetDependency section */
		45E84AF72C7968B200199146 /* PBXTargetDependency */ = {
			isa = PBXTargetDependency;
			target = 45E84AE22C7968B000199146 /* programming-learning-ios */;
			targetProxy = 45E84AF62C7968B200199146 /* PBXContainerItemProxy */;
		};
		45E84B012C7968B200199146 /* PBXTargetDependency */ = {
			isa = PBXTargetDependency;
			target = 45E84AE22C7968B000199146 /* programming-learning-ios */;
			targetProxy = 45E84B002C7968B200199146 /* PBXContainerItemProxy */;
		};
/* End PBXTargetDependency section */

/* Begin XCBuildConfiguration section */
		45E84B072C7968B200199146 /* Debug */ = {
			isa = XCBuildConfiguration;
			buildSettings = {
				ALWAYS_SEARCH_USER_PATHS = NO;
				ASSETCATALOG_COMPILER_GENERATE_SWIFT_ASSET_SYMBOL_EXTENSIONS = YES;
				CLANG_ANALYZER_NONNULL = YES;
				CLANG_ANALYZER_NUMBER_OBJECT_CONVERSION = YES_AGGRESSIVE;
				CLANG_CXX_LANGUAGE_STANDARD = "gnu++20";
				CLANG_ENABLE_MODULES = YES;
				CLANG_ENABLE_OBJC_ARC = YES;
				CLANG_ENABLE_OBJC_WEAK = YES;
				CLANG_WARN_BLOCK_CAPTURE_AUTORELEASING = YES;
				CLANG_WARN_BOOL_CONVERSION = YES;
				CLANG_WARN_COMMA = YES;
				CLANG_WARN_CONSTANT_CONVERSION = YES;
				CLANG_WARN_DEPRECATED_OBJC_IMPLEMENTATIONS = YES;
				CLANG_WARN_DIRECT_OBJC_ISA_USAGE = YES_ERROR;
				CLANG_WARN_DOCUMENTATION_COMMENTS = YES;
				CLANG_WARN_EMPTY_BODY = YES;
				CLANG_WARN_ENUM_CONVERSION = YES;
				CLANG_WARN_INFINITE_RECURSION = YES;
				CLANG_WARN_INT_CONVERSION = YES;
				CLANG_WARN_NON_LITERAL_NULL_CONVERSION = YES;
				CLANG_WARN_OBJC_IMPLICIT_RETAIN_SELF = YES;
				CLANG_WARN_OBJC_LITERAL_CONVERSION = YES;
				CLANG_WARN_OBJC_ROOT_CLASS = YES_ERROR;
				CLANG_WARN_QUOTED_INCLUDE_IN_FRAMEWORK_HEADER = YES;
				CLANG_WARN_RANGE_LOOP_ANALYSIS = YES;
				CLANG_WARN_STRICT_PROTOTYPES = YES;
				CLANG_WARN_SUSPICIOUS_MOVE = YES;
				CLANG_WARN_UNGUARDED_AVAILABILITY = YES_AGGRESSIVE;
				CLANG_WARN_UNREACHABLE_CODE = YES;
				CLANG_WARN__DUPLICATE_METHOD_MATCH = YES;
				COPY_PHASE_STRIP = NO;
				DEBUG_INFORMATION_FORMAT = dwarf;
				ENABLE_STRICT_OBJC_MSGSEND = YES;
				ENABLE_TESTABILITY = YES;
				ENABLE_USER_SCRIPT_SANDBOXING = YES;
				GCC_C_LANGUAGE_STANDARD = gnu17;
				GCC_DYNAMIC_NO_PIC = NO;
				GCC_NO_COMMON_BLOCKS = YES;
				GCC_OPTIMIZATION_LEVEL = 0;
				GCC_PREPROCESSOR_DEFINITIONS = (
					"DEBUG=1",
					"$(inherited)",
				);
				GCC_WARN_64_TO_32_BIT_CONVERSION = YES;
				GCC_WARN_ABOUT_RETURN_TYPE = YES_ERROR;
				GCC_WARN_UNDECLARED_SELECTOR = YES;
				GCC_WARN_UNINITIALIZED_AUTOS = YES_AGGRESSIVE;
				GCC_WARN_UNUSED_FUNCTION = YES;
				GCC_WARN_UNUSED_VARIABLE = YES;
				IPHONEOS_DEPLOYMENT_TARGET = 17.4;
				LOCALIZATION_PREFERS_STRING_CATALOGS = YES;
				MTL_ENABLE_DEBUG_INFO = INCLUDE_SOURCE;
				MTL_FAST_MATH = YES;
				ONLY_ACTIVE_ARCH = YES;
				SDKROOT = iphoneos;
				SWIFT_ACTIVE_COMPILATION_CONDITIONS = "DEBUG $(inherited)";
				SWIFT_OPTIMIZATION_LEVEL = "-Onone";
			};
			name = Debug;
		};
		45E84B082C7968B200199146 /* Release */ = {
			isa = XCBuildConfiguration;
			buildSettings = {
				ALWAYS_SEARCH_USER_PATHS = NO;
				ASSETCATALOG_COMPILER_GENERATE_SWIFT_ASSET_SYMBOL_EXTENSIONS = YES;
				CLANG_ANALYZER_NONNULL = YES;
				CLANG_ANALYZER_NUMBER_OBJECT_CONVERSION = YES_AGGRESSIVE;
				CLANG_CXX_LANGUAGE_STANDARD = "gnu++20";
				CLANG_ENABLE_MODULES = YES;
				CLANG_ENABLE_OBJC_ARC = YES;
				CLANG_ENABLE_OBJC_WEAK = YES;
				CLANG_WARN_BLOCK_CAPTURE_AUTORELEASING = YES;
				CLANG_WARN_BOOL_CONVERSION = YES;
				CLANG_WARN_COMMA = YES;
				CLANG_WARN_CONSTANT_CONVERSION = YES;
				CLANG_WARN_DEPRECATED_OBJC_IMPLEMENTATIONS = YES;
				CLANG_WARN_DIRECT_OBJC_ISA_USAGE = YES_ERROR;
				CLANG_WARN_DOCUMENTATION_COMMENTS = YES;
				CLANG_WARN_EMPTY_BODY = YES;
				CLANG_WARN_ENUM_CONVERSION = YES;
				CLANG_WARN_INFINITE_RECURSION = YES;
				CLANG_WARN_INT_CONVERSION = YES;
				CLANG_WARN_NON_LITERAL_NULL_CONVERSION = YES;
				CLANG_WARN_OBJC_IMPLICIT_RETAIN_SELF = YES;
				CLANG_WARN_OBJC_LITERAL_CONVERSION = YES;
				CLANG_WARN_OBJC_ROOT_CLASS = YES_ERROR;
				CLANG_WARN_QUOTED_INCLUDE_IN_FRAMEWORK_HEADER = YES;
				CLANG_WARN_RANGE_LOOP_ANALYSIS = YES;
				CLANG_WARN_STRICT_PROTOTYPES = YES;
				CLANG_WARN_SUSPICIOUS_MOVE = YES;
				CLANG_WARN_UNGUARDED_AVAILABILITY = YES_AGGRESSIVE;
				CLANG_WARN_UNREACHABLE_CODE = YES;
				CLANG_WARN__DUPLICATE_METHOD_MATCH = YES;
				COPY_PHASE_STRIP = NO;
				DEBUG_INFORMATION_FORMAT = "dwarf-with-dsym";
				ENABLE_NS_ASSERTIONS = NO;
				ENABLE_STRICT_OBJC_MSGSEND = YES;
				ENABLE_USER_SCRIPT_SANDBOXING = YES;
				GCC_C_LANGUAGE_STANDARD = gnu17;
				GCC_NO_COMMON_BLOCKS = YES;
				GCC_WARN_64_TO_32_BIT_CONVERSION = YES;
				GCC_WARN_ABOUT_RETURN_TYPE = YES_ERROR;
				GCC_WARN_UNDECLARED_SELECTOR = YES;
				GCC_WARN_UNINITIALIZED_AUTOS = YES_AGGRESSIVE;
				GCC_WARN_UNUSED_FUNCTION = YES;
				GCC_WARN_UNUSED_VARIABLE = YES;
				IPHONEOS_DEPLOYMENT_TARGET = 17.4;
				LOCALIZATION_PREFERS_STRING_CATALOGS = YES;
				MTL_ENABLE_DEBUG_INFO = NO;
				MTL_FAST_MATH = YES;
				SDKROOT = iphoneos;
				SWIFT_COMPILATION_MODE = wholemodule;
				VALIDATE_PRODUCT = YES;
			};
			name = Release;
		};
		45E84B0A2C7968B200199146 /* Debug */ = {
			isa = XCBuildConfiguration;
			buildSettings = {
				ASSETCATALOG_COMPILER_APPICON_NAME = AppIcon;
				ASSETCATALOG_COMPILER_GLOBAL_ACCENT_COLOR_NAME = AccentColor;
				CODE_SIGN_STYLE = Automatic;
				CURRENT_PROJECT_VERSION = 1;
				DEVELOPMENT_ASSET_PATHS = "\"programming-learning-ios/Preview Content\"";
				DEVELOPMENT_TEAM = 2C4U6UTP2K;
				ENABLE_PREVIEWS = YES;
				GENERATE_INFOPLIST_FILE = YES;
				INFOPLIST_KEY_UIApplicationSceneManifest_Generation = YES;
				INFOPLIST_KEY_UIApplicationSupportsIndirectInputEvents = YES;
				INFOPLIST_KEY_UILaunchScreen_Generation = YES;
				INFOPLIST_KEY_UISupportedInterfaceOrientations_iPad = "UIInterfaceOrientationPortrait UIInterfaceOrientationPortraitUpsideDown UIInterfaceOrientationLandscapeLeft UIInterfaceOrientationLandscapeRight";
				INFOPLIST_KEY_UISupportedInterfaceOrientations_iPhone = "UIInterfaceOrientationPortrait UIInterfaceOrientationLandscapeLeft UIInterfaceOrientationLandscapeRight";
				LD_RUNPATH_SEARCH_PATHS = (
					"$(inherited)",
					"@executable_path/Frameworks",
				);
				MARKETING_VERSION = 1.0;
				PRODUCT_BUNDLE_IDENTIFIER = "jp.ponmiso.programming-learning-ios";
				PRODUCT_NAME = "$(TARGET_NAME)";
				SWIFT_EMIT_LOC_STRINGS = YES;
				SWIFT_VERSION = 5.0;
				TARGETED_DEVICE_FAMILY = "1,2";
			};
			name = Debug;
		};
		45E84B0B2C7968B200199146 /* Release */ = {
			isa = XCBuildConfiguration;
			buildSettings = {
				ASSETCATALOG_COMPILER_APPICON_NAME = AppIcon;
				ASSETCATALOG_COMPILER_GLOBAL_ACCENT_COLOR_NAME = AccentColor;
				CODE_SIGN_STYLE = Automatic;
				CURRENT_PROJECT_VERSION = 1;
				DEVELOPMENT_ASSET_PATHS = "\"programming-learning-ios/Preview Content\"";
				DEVELOPMENT_TEAM = 2C4U6UTP2K;
				ENABLE_PREVIEWS = YES;
				GENERATE_INFOPLIST_FILE = YES;
				INFOPLIST_KEY_UIApplicationSceneManifest_Generation = YES;
				INFOPLIST_KEY_UIApplicationSupportsIndirectInputEvents = YES;
				INFOPLIST_KEY_UILaunchScreen_Generation = YES;
				INFOPLIST_KEY_UISupportedInterfaceOrientations_iPad = "UIInterfaceOrientationPortrait UIInterfaceOrientationPortraitUpsideDown UIInterfaceOrientationLandscapeLeft UIInterfaceOrientationLandscapeRight";
				INFOPLIST_KEY_UISupportedInterfaceOrientations_iPhone = "UIInterfaceOrientationPortrait UIInterfaceOrientationLandscapeLeft UIInterfaceOrientationLandscapeRight";
				LD_RUNPATH_SEARCH_PATHS = (
					"$(inherited)",
					"@executable_path/Frameworks",
				);
				MARKETING_VERSION = 1.0;
				PRODUCT_BUNDLE_IDENTIFIER = "jp.ponmiso.programming-learning-ios";
				PRODUCT_NAME = "$(TARGET_NAME)";
				SWIFT_EMIT_LOC_STRINGS = YES;
				SWIFT_VERSION = 5.0;
				TARGETED_DEVICE_FAMILY = "1,2";
			};
			name = Release;
		};
		45E84B0D2C7968B200199146 /* Debug */ = {
			isa = XCBuildConfiguration;
			buildSettings = {
				ALWAYS_EMBED_SWIFT_STANDARD_LIBRARIES = YES;
				BUNDLE_LOADER = "$(TEST_HOST)";
				CODE_SIGN_STYLE = Automatic;
				CURRENT_PROJECT_VERSION = 1;
				DEVELOPMENT_TEAM = 2C4U6UTP2K;
				GENERATE_INFOPLIST_FILE = YES;
				IPHONEOS_DEPLOYMENT_TARGET = 17.4;
				MARKETING_VERSION = 1.0;
				PRODUCT_BUNDLE_IDENTIFIER = "jp.ponmiso.programming-learning-iosTests";
				PRODUCT_NAME = "$(TARGET_NAME)";
				SWIFT_EMIT_LOC_STRINGS = NO;
				SWIFT_VERSION = 5.0;
				TARGETED_DEVICE_FAMILY = "1,2";
				TEST_HOST = "$(BUILT_PRODUCTS_DIR)/programming-learning-ios.app/$(BUNDLE_EXECUTABLE_FOLDER_PATH)/programming-learning-ios";
			};
			name = Debug;
		};
		45E84B0E2C7968B200199146 /* Release */ = {
			isa = XCBuildConfiguration;
			buildSettings = {
				ALWAYS_EMBED_SWIFT_STANDARD_LIBRARIES = YES;
				BUNDLE_LOADER = "$(TEST_HOST)";
				CODE_SIGN_STYLE = Automatic;
				CURRENT_PROJECT_VERSION = 1;
				DEVELOPMENT_TEAM = 2C4U6UTP2K;
				GENERATE_INFOPLIST_FILE = YES;
				IPHONEOS_DEPLOYMENT_TARGET = 17.4;
				MARKETING_VERSION = 1.0;
				PRODUCT_BUNDLE_IDENTIFIER = "jp.ponmiso.programming-learning-iosTests";
				PRODUCT_NAME = "$(TARGET_NAME)";
				SWIFT_EMIT_LOC_STRINGS = NO;
				SWIFT_VERSION = 5.0;
				TARGETED_DEVICE_FAMILY = "1,2";
				TEST_HOST = "$(BUILT_PRODUCTS_DIR)/programming-learning-ios.app/$(BUNDLE_EXECUTABLE_FOLDER_PATH)/programming-learning-ios";
			};
			name = Release;
		};
		45E84B102C7968B200199146 /* Debug */ = {
			isa = XCBuildConfiguration;
			buildSettings = {
				ALWAYS_EMBED_SWIFT_STANDARD_LIBRARIES = YES;
				CODE_SIGN_STYLE = Automatic;
				CURRENT_PROJECT_VERSION = 1;
				DEVELOPMENT_TEAM = 2C4U6UTP2K;
				GENERATE_INFOPLIST_FILE = YES;
				MARKETING_VERSION = 1.0;
				PRODUCT_BUNDLE_IDENTIFIER = "jp.ponmiso.programming-learning-iosUITests";
				PRODUCT_NAME = "$(TARGET_NAME)";
				SWIFT_EMIT_LOC_STRINGS = NO;
				SWIFT_VERSION = 5.0;
				TARGETED_DEVICE_FAMILY = "1,2";
				TEST_TARGET_NAME = "programming-learning-ios";
			};
			name = Debug;
		};
		45E84B112C7968B200199146 /* Release */ = {
			isa = XCBuildConfiguration;
			buildSettings = {
				ALWAYS_EMBED_SWIFT_STANDARD_LIBRARIES = YES;
				CODE_SIGN_STYLE = Automatic;
				CURRENT_PROJECT_VERSION = 1;
				DEVELOPMENT_TEAM = 2C4U6UTP2K;
				GENERATE_INFOPLIST_FILE = YES;
				MARKETING_VERSION = 1.0;
				PRODUCT_BUNDLE_IDENTIFIER = "jp.ponmiso.programming-learning-iosUITests";
				PRODUCT_NAME = "$(TARGET_NAME)";
				SWIFT_EMIT_LOC_STRINGS = NO;
				SWIFT_VERSION = 5.0;
				TARGETED_DEVICE_FAMILY = "1,2";
				TEST_TARGET_NAME = "programming-learning-ios";
			};
			name = Release;
		};
/* End XCBuildConfiguration section */

/* Begin XCConfigurationList section */
		45E84ADE2C7968B000199146 /* Build configuration list for PBXProject "programming-learning-ios" */ = {
			isa = XCConfigurationList;
			buildConfigurations = (
				45E84B072C7968B200199146 /* Debug */,
				45E84B082C7968B200199146 /* Release */,
			);
			defaultConfigurationIsVisible = 0;
			defaultConfigurationName = Release;
		};
		45E84B092C7968B200199146 /* Build configuration list for PBXNativeTarget "programming-learning-ios" */ = {
			isa = XCConfigurationList;
			buildConfigurations = (
				45E84B0A2C7968B200199146 /* Debug */,
				45E84B0B2C7968B200199146 /* Release */,
			);
			defaultConfigurationIsVisible = 0;
			defaultConfigurationName = Release;
		};
		45E84B0C2C7968B200199146 /* Build configuration list for PBXNativeTarget "programming-learning-iosTests" */ = {
			isa = XCConfigurationList;
			buildConfigurations = (
				45E84B0D2C7968B200199146 /* Debug */,
				45E84B0E2C7968B200199146 /* Release */,
			);
			defaultConfigurationIsVisible = 0;
			defaultConfigurationName = Release;
		};
		45E84B0F2C7968B200199146 /* Build configuration list for PBXNativeTarget "programming-learning-iosUITests" */ = {
			isa = XCConfigurationList;
			buildConfigurations = (
				45E84B102C7968B200199146 /* Debug */,
				45E84B112C7968B200199146 /* Release */,
			);
			defaultConfigurationIsVisible = 0;
			defaultConfigurationName = Release;
		};
/* End XCConfigurationList section */

/* Begin XCRemoteSwiftPackageReference section */
		451762102CEC8AF100CE2574 /* XCRemoteSwiftPackageReference "swift-composable-architecture" */ = {
			isa = XCRemoteSwiftPackageReference;
			repositoryURL = "https://github.com/pointfreeco/swift-composable-architecture";
			requirement = {
				kind = upToNextMajorVersion;
				minimumVersion = 1.16.1;
			};
		};
/* End XCRemoteSwiftPackageReference section */

/* Begin XCSwiftPackageProductDependency section */
		451762112CEC8AF100CE2574 /* ComposableArchitecture */ = {
			isa = XCSwiftPackageProductDependency;
			package = 451762102CEC8AF100CE2574 /* XCRemoteSwiftPackageReference "swift-composable-architecture" */;
			productName = ComposableArchitecture;
		};
/* End XCSwiftPackageProductDependency section */
	};
	rootObject = 45E84ADB2C7968B000199146 /* Project object */;
}
